
Microsoft Visual Studio Solution File, Format Version 12.00
# Visual Studio Version 17
VisualStudioVersion = 17.5.33502.453
MinimumVisualStudioVersion = 10.0.40219.1
Project("{888888A0-9F3D-457C-B088-3A5042F75D52}") = "Test", "Test\Test.pyproj", "{F157257C-7C18-4DD8-AF90-8C9F9274BE1A}"
EndProject
Project("{2150E333-8FDC-42A3-9474-1A3956D46DE8}") = "Solution Items", "Solution Items", "{C3FC935C-AB2D-4DE0-BB05-6A787942EE2D}"
	ProjectSection(SolutionItems) = preProject
		Andrzej_Duda.jpg = Andrzej_Duda.jpg
		Faces\Donald Trump.jpg = Faces\Donald Trump.jpg
		Mikolaj Malcherek.jpg = Mikolaj Malcherek.jpg
		Faces\Robert Lewandowski.jpg = Faces\Robert Lewandowski.jpg
		Trump2.jpg = Trump2.jpg
	EndProjectSection
EndProject
Global
	GlobalSection(SolutionConfigurationPlatforms) = preSolution
		Debug|Any CPU = Debug|Any CPU
		Release|Any CPU = Release|Any CPU
	EndGlobalSection
	GlobalSection(ProjectConfigurationPlatforms) = postSolution
		{F157257C-7C18-4DD8-AF90-8C9F9274BE1A}.Debug|Any CPU.ActiveCfg = Debug|Any CPU
		{F157257C-7C18-4DD8-AF90-8C9F9274BE1A}.Release|Any CPU.ActiveCfg = Release|Any CPU
	EndGlobalSection
	GlobalSection(SolutionProperties) = preSolution
		HideSolutionNode = FALSE
	EndGlobalSection
	GlobalSection(ExtensibilityGlobals) = postSolution
		SolutionGuid = {4AB310C6-21C3-47A8-B7D5-FE8FF2628034}
	EndGlobalSection
EndGlobal
